
Microsoft Visual Studio Solution File, Format Version 12.00
# Visual Studio Version 17
VisualStudioVersion = 17.3.32929.385
MinimumVisualStudioVersion = 10.0.40219.1
Project("{9A19103F-16F7-4668-BE54-9A1E7A4F7556}") = "PrimeNumbers", "PrimeNumbers.csproj", "{6BC96EB9-7975-43FE-AC00-5F5B9E930F72}"
EndProject
Project("{FAE04EC0-301F-11D3-BF4B-00C04F79EFBC}") = "PrimeNumbersTest", "..\PrimeNumbersTest\PrimeNumbersTest.csproj", "{B873E80E-3AE7-43DF-8997-DA51FEBEAD21}"
EndProject
Global
	GlobalSection(SolutionConfigurationPlatforms) = preSolution
		Debug|Any CPU = Debug|Any CPU
		Release|Any CPU = Release|Any CPU
	EndGlobalSection
	GlobalSection(ProjectConfigurationPlatforms) = postSolution
		{6BC96EB9-7975-43FE-AC00-5F5B9E930F72}.Debug|Any CPU.ActiveCfg = Debug|Any CPU
		{6BC96EB9-7975-43FE-AC00-5F5B9E930F72}.Debug|Any CPU.Build.0 = Debug|Any CPU
		{6BC96EB9-7975-43FE-AC00-5F5B9E930F72}.Release|Any CPU.ActiveCfg = Release|Any CPU
		{6BC96EB9-7975-43FE-AC00-5F5B9E930F72}.Release|Any CPU.Build.0 = Release|Any CPU
		{B873E80E-3AE7-43DF-8997-DA51FEBEAD21}.Debug|Any CPU.ActiveCfg = Debug|Any CPU
		{B873E80E-3AE7-43DF-8997-DA51FEBEAD21}.Debug|Any CPU.Build.0 = Debug|Any CPU
		{B873E80E-3AE7-43DF-8997-DA51FEBEAD21}.Release|Any CPU.ActiveCfg = Release|Any CPU
		{B873E80E-3AE7-43DF-8997-DA51FEBEAD21}.Release|Any CPU.Build.0 = Release|Any CPU
	EndGlobalSection
	GlobalSection(SolutionProperties) = preSolution
		HideSolutionNode = FALSE
	EndGlobalSection
	GlobalSection(ExtensibilityGlobals) = postSolution
		SolutionGuid = {859171FB-9F17-42C2-A617-9AE1AA658609}
	EndGlobalSection
EndGlobal
